
Microsoft Visual Studio Solution File, Format Version 12.00
# Visual Studio 14
VisualStudioVersion = 14.0.24720.0
MinimumVisualStudioVersion = 10.0.40219.1
Project("{FAE04EC0-301F-11D3-BF4B-00C04F79EFBC}") = "DistanceBtwCities.Model", "DistanceBtwCities.Model\DistanceBtwCities.Model.csproj", "{4F5CCE3E-CF63-4058-950B-074F64D80332}"
EndProject
Project("{FAE04EC0-301F-11D3-BF4B-00C04F79EFBC}") = "DistanceBtwCities.WebApi", "DistanceBtwCities.WebApi\DistanceBtwCities.WebApi.csproj", "{82A964BD-781D-4C2C-B11E-CE3492FA5CD8}"
EndProject
Project("{FAE04EC0-301F-11D3-BF4B-00C04F79EFBC}") = "DistanceBtwCities.DataContract", "DistanceBtwCities.DataContract\DistanceBtwCities.DataContract.csproj", "{63BD09F3-A40F-49D9-B6B2-D295842E62BA}"
EndProject
Project("{FAE04EC0-301F-11D3-BF4B-00C04F79EFBC}") = "DistanceBtwCities.Dal", "DistanceBtwCities.DatabaseApi\DistanceBtwCities.Dal.csproj", "{64D8EAE1-0442-45C4-8D4F-624A9495A009}"
EndProject
Project("{00D1A9C2-B5F0-4AF3-8072-F6C62B433612}") = "DistanceBtwCities.Database", "DistanceBtwCities.Database\DistanceBtwCities.Database.sqlproj", "{600DA28B-34DC-45E9-BED1-7152C87A9B54}"
EndProject
Project("{FAE04EC0-301F-11D3-BF4B-00C04F79EFBC}") = "DistanceBtwCities.Interception", "DistanceBtwCities.Interception\DistanceBtwCities.Interception.csproj", "{DFC11560-3290-4700-8039-6662AE14C4E3}"
EndProject
Global
	GlobalSection(SolutionConfigurationPlatforms) = preSolution
		Debug|Any CPU = Debug|Any CPU
		Release|Any CPU = Release|Any CPU
	EndGlobalSection
	GlobalSection(ProjectConfigurationPlatforms) = postSolution
		{4F5CCE3E-CF63-4058-950B-074F64D80332}.Debug|Any CPU.ActiveCfg = Debug|Any CPU
		{4F5CCE3E-CF63-4058-950B-074F64D80332}.Debug|Any CPU.Build.0 = Debug|Any CPU
		{4F5CCE3E-CF63-4058-950B-074F64D80332}.Release|Any CPU.ActiveCfg = Release|Any CPU
		{4F5CCE3E-CF63-4058-950B-074F64D80332}.Release|Any CPU.Build.0 = Release|Any CPU
		{82A964BD-781D-4C2C-B11E-CE3492FA5CD8}.Debug|Any CPU.ActiveCfg = Debug|Any CPU
		{82A964BD-781D-4C2C-B11E-CE3492FA5CD8}.Debug|Any CPU.Build.0 = Debug|Any CPU
		{82A964BD-781D-4C2C-B11E-CE3492FA5CD8}.Release|Any CPU.ActiveCfg = Release|Any CPU
		{82A964BD-781D-4C2C-B11E-CE3492FA5CD8}.Release|Any CPU.Build.0 = Release|Any CPU
		{63BD09F3-A40F-49D9-B6B2-D295842E62BA}.Debug|Any CPU.ActiveCfg = Debug|Any CPU
		{63BD09F3-A40F-49D9-B6B2-D295842E62BA}.Debug|Any CPU.Build.0 = Debug|Any CPU
		{63BD09F3-A40F-49D9-B6B2-D295842E62BA}.Release|Any CPU.ActiveCfg = Release|Any CPU
		{63BD09F3-A40F-49D9-B6B2-D295842E62BA}.Release|Any CPU.Build.0 = Release|Any CPU
		{64D8EAE1-0442-45C4-8D4F-624A9495A009}.Debug|Any CPU.ActiveCfg = Debug|Any CPU
		{64D8EAE1-0442-45C4-8D4F-624A9495A009}.Debug|Any CPU.Build.0 = Debug|Any CPU
		{64D8EAE1-0442-45C4-8D4F-624A9495A009}.Release|Any CPU.ActiveCfg = Release|Any CPU
		{64D8EAE1-0442-45C4-8D4F-624A9495A009}.Release|Any CPU.Build.0 = Release|Any CPU
		{600DA28B-34DC-45E9-BED1-7152C87A9B54}.Debug|Any CPU.ActiveCfg = Debug|Any CPU
		{600DA28B-34DC-45E9-BED1-7152C87A9B54}.Debug|Any CPU.Build.0 = Debug|Any CPU
		{600DA28B-34DC-45E9-BED1-7152C87A9B54}.Debug|Any CPU.Deploy.0 = Debug|Any CPU
		{600DA28B-34DC-45E9-BED1-7152C87A9B54}.Release|Any CPU.ActiveCfg = Release|Any CPU
		{600DA28B-34DC-45E9-BED1-7152C87A9B54}.Release|Any CPU.Build.0 = Release|Any CPU
		{600DA28B-34DC-45E9-BED1-7152C87A9B54}.Release|Any CPU.Deploy.0 = Release|Any CPU
		{DFC11560-3290-4700-8039-6662AE14C4E3}.Debug|Any CPU.ActiveCfg = Debug|Any CPU
		{DFC11560-3290-4700-8039-6662AE14C4E3}.Debug|Any CPU.Build.0 = Debug|Any CPU
		{DFC11560-3290-4700-8039-6662AE14C4E3}.Release|Any CPU.ActiveCfg = Release|Any CPU
		{DFC11560-3290-4700-8039-6662AE14C4E3}.Release|Any CPU.Build.0 = Release|Any CPU
	EndGlobalSection
	GlobalSection(SolutionProperties) = preSolution
		HideSolutionNode = FALSE
	EndGlobalSection
EndGlobal
